// !$*UTF8*$!
{
	archiveVersion = 1;
	classes = {
	};
	objectVersion = 50;
	objects = {

/* Begin PBXBuildFile section */
		EDADEDFD2409CBAD00CD399A /* AppDelegate.swift in Sources */ = {isa = PBXBuildFile; fileRef = EDADEDFC2409CBAD00CD399A /* AppDelegate.swift */; };
		EDADEDFF2409CBAD00CD399A /* SceneDelegate.swift in Sources */ = {isa = PBXBuildFile; fileRef = EDADEDFE2409CBAD00CD399A /* SceneDelegate.swift */; };
		EDADEE012409CBAD00CD399A /* ViewController.swift in Sources */ = {isa = PBXBuildFile; fileRef = EDADEE002409CBAD00CD399A /* ViewController.swift */; };
		EDADEE042409CBAD00CD399A /* Main.storyboard in Resources */ = {isa = PBXBuildFile; fileRef = EDADEE022409CBAD00CD399A /* Main.storyboard */; };
		EDADEE062409CBAF00CD399A /* Assets.xcassets in Resources */ = {isa = PBXBuildFile; fileRef = EDADEE052409CBAF00CD399A /* Assets.xcassets */; };
		EDADEE092409CBAF00CD399A /* LaunchScreen.storyboard in Resources */ = {isa = PBXBuildFile; fileRef = EDADEE072409CBAF00CD399A /* LaunchScreen.storyboard */; };
/* End PBXBuildFile section */

/* Begin PBXFileReference section */
		EDADEDF92409CBAD00CD399A /* ViewCodeApp.app */ = {isa = PBXFileReference; explicitFileType = wrapper.application; includeInIndex = 0; path = ViewCodeApp.app; sourceTree = BUILT_PRODUCTS_DIR; };
		EDADEDFC2409CBAD00CD399A /* AppDelegate.swift */ = {isa = PBXFileReference; lastKnownFileType = sourcecode.swift; path = AppDelegate.swift; sourceTree = "<group>"; };
		EDADEDFE2409CBAD00CD399A /* SceneDelegate.swift */ = {isa = PBXFileReference; lastKnownFileType = sourcecode.swift; path = SceneDelegate.swift; sourceTree = "<group>"; };
		EDADEE002409CBAD00CD399A /* ViewController.swift */ = {isa = PBXFileReference; lastKnownFileType = sourcecode.swift; path = ViewController.swift; sourceTree = "<group>"; };
		EDADEE032409CBAD00CD399A /* Base */ = {isa = PBXFileReference; lastKnownFileType = file.storyboard; name = Base; path = Base.lproj/Main.storyboard; sourceTree = "<group>"; };
		EDADEE052409CBAF00CD399A /* Assets.xcassets */ = {isa = PBXFileReference; lastKnownFileType = folder.assetcatalog; path = Assets.xcassets; sourceTree = "<group>"; };
		EDADEE082409CBAF00CD399A /* Base */ = {isa = PBXFileReference; lastKnownFileType = file.storyboard; name = Base; path = Base.lproj/LaunchScreen.storyboard; sourceTree = "<group>"; };
		EDADEE0A2409CBAF00CD399A /* Info.plist */ = {isa = PBXFileReference; lastKnownFileType = text.plist.xml; path = Info.plist; sourceTree = "<group>"; };
/* End PBXFileReference section */

/* Begin PBXFrameworksBuildPhase section */
		EDADEDF62409CBAD00CD399A /* Frameworks */ = {
			isa = PBXFrameworksBuildPhase;
			buildActionMask = 2147483647;
			files = (
			);
			runOnlyForDeploymentPostprocessing = 0;
		};
/* End PBXFrameworksBuildPhase section */

/* Begin PBXGroup section */
		EDADEDF02409CBAD00CD399A = {
			isa = PBXGroup;
			children = (
				EDADEDFB2409CBAD00CD399A /* ViewCodeApp */,
				EDADEDFA2409CBAD00CD399A /* Products */,
			);
			sourceTree = "<group>";
		};
		EDADEDFA2409CBAD00CD399A /* Products */ = {
			isa = PBXGroup;
			children = (
				EDADEDF92409CBAD00CD399A /* ViewCodeApp.app */,
			);
			name = Products;
			sourceTree = "<group>";
		};
		EDADEDFB2409CBAD00CD399A /* ViewCodeApp */ = {
			isa = PBXGroup;
			children = (
				EDADEDFC2409CBAD00CD399A /* AppDelegate.swift */,
				EDADEDFE2409CBAD00CD399A /* SceneDelegate.swift */,
				EDADEE002409CBAD00CD399A /* ViewController.swift */,
				EDADEE022409CBAD00CD399A /* Main.storyboard */,
				EDADEE052409CBAF00CD399A /* Assets.xcassets */,
				EDADEE072409CBAF00CD399A /* LaunchScreen.storyboard */,
				EDADEE0A2409CBAF00CD399A /* Info.plist */,
			);
			path = ViewCodeApp;
			sourceTree = "<group>";
		};
/* End PBXGroup section */

/* Begin PBXNativeTarget section */
		EDADEDF82409CBAD00CD399A /* ViewCodeApp */ = {
			isa = PBXNativeTarget;
			buildConfigurationList = EDADEE0D2409CBAF00CD399A /* Build configuration list for PBXNativeTarget "ViewCodeApp" */;
			buildPhases = (
				EDADEDF52409CBAD00CD399A /* Sources */,
				EDADEDF62409CBAD00CD399A /* Frameworks */,
				EDADEDF72409CBAD00CD399A /* Resources */,
			);
			buildRules = (
			);
			dependencies = (
			);
			name = ViewCodeApp;
			productName = ViewCodeApp;
			productReference = EDADEDF92409CBAD00CD399A /* ViewCodeApp.app */;
			productType = "com.apple.product-type.application";
		};
/* End PBXNativeTarget section */

/* Begin PBXProject section */
		EDADEDF12409CBAD00CD399A /* Project object */ = {
			isa = PBXProject;
			attributes = {
				LastSwiftUpdateCheck = 1130;
				LastUpgradeCheck = 1130;
				ORGANIZATIONNAME = "Bruno Cortez";
				TargetAttributes = {
					EDADEDF82409CBAD00CD399A = {
						CreatedOnToolsVersion = 11.3.1;
					};
				};
			};
			buildConfigurationList = EDADEDF42409CBAD00CD399A /* Build configuration list for PBXProject "ViewCodeApp" */;
			compatibilityVersion = "Xcode 9.3";
			developmentRegion = en;
			hasScannedForEncodings = 0;
			knownRegions = (
				en,
				Base,
			);
			mainGroup = EDADEDF02409CBAD00CD399A;
			productRefGroup = EDADEDFA2409CBAD00CD399A /* Products */;
			projectDirPath = "";
			projectRoot = "";
			targets = (
				EDADEDF82409CBAD00CD399A /* ViewCodeApp */,
			);
		};
/* End PBXProject section */

/* Begin PBXResourcesBuildPhase section */
		EDADEDF72409CBAD00CD399A /* Resources */ = {
			isa = PBXResourcesBuildPhase;
			buildActionMask = 2147483647;
			files = (
				EDADEE092409CBAF00CD399A /* LaunchScreen.storyboard in Resources */,
				EDADEE062409CBAF00CD399A /* Assets.xcassets in Resources */,
				EDADEE042409CBAD00CD399A /* Main.storyboard in Resources */,
			);
			runOnlyForDeploymentPostprocessing = 0;
		};
/* End PBXResourcesBuildPhase section */

/* Begin PBXSourcesBuildPhase section */
		EDADEDF52409CBAD00CD399A /* Sources */ = {
			isa = PBXSourcesBuildPhase;
			buildActionMask = 2147483647;
			files = (
				EDADEE012409CBAD00CD399A /* ViewController.swift in Sources */,
				EDADEDFD2409CBAD00CD399A /* AppDelegate.swift in Sources */,
				EDADEDFF2409CBAD00CD399A /* SceneDelegate.swift in Sources */,
			);
			runOnlyForDeploymentPostprocessing = 0;
		};
/* End PBXSourcesBuildPhase section */

/* Begin PBXVariantGroup section */
		EDADEE022409CBAD00CD399A /* Main.storyboard */ = {
			isa = PBXVariantGroup;
			children = (
				EDADEE032409CBAD00CD399A /* Base */,
			);
			name = Main.storyboard;
			sourceTree = "<group>";
		};
		EDADEE072409CBAF00CD399A /* LaunchScreen.storyboard */ = {
			isa = PBXVariantGroup;
			children = (
				EDADEE082409CBAF00CD399A /* Base */,
			);
			name = LaunchScreen.storyboard;
			sourceTree = "<group>";
		};
/* End PBXVariantGroup section */

/* Begin XCBuildConfiguration section */
		EDADEE0B2409CBAF00CD399A /* Debug */ = {
			isa = XCBuildConfiguration;
			buildSettings = {
				ALWAYS_SEARCH_USER_PATHS = NO;
				CLANG_ANALYZER_NONNULL = YES;
				CLANG_ANALYZER_NUMBER_OBJECT_CONVERSION = YES_AGGRESSIVE;
				CLANG_CXX_LANGUAGE_STANDARD = "gnu++14";
				CLANG_CXX_LIBRARY = "libc++";
				CLANG_ENABLE_MODULES = YES;
				CLANG_ENABLE_OBJC_ARC = YES;
				CLANG_ENABLE_OBJC_WEAK = YES;
				CLANG_WARN_BLOCK_CAPTURE_AUTORELEASING = YES;
				CLANG_WARN_BOOL_CONVERSION = YES;
				CLANG_WARN_COMMA = YES;
				CLANG_WARN_CONSTANT_CONVERSION = YES;
				CLANG_WARN_DEPRECATED_OBJC_IMPLEMENTATIONS = YES;
				CLANG_WARN_DIRECT_OBJC_ISA_USAGE = YES_ERROR;
				CLANG_WARN_DOCUMENTATION_COMMENTS = YES;
				CLANG_WARN_EMPTY_BODY = YES;
				CLANG_WARN_ENUM_CONVERSION = YES;
				CLANG_WARN_INFINITE_RECURSION = YES;
				CLANG_WARN_INT_CONVERSION = YES;
				CLANG_WARN_NON_LITERAL_NULL_CONVERSION = YES;
				CLANG_WARN_OBJC_IMPLICIT_RETAIN_SELF = YES;
				CLANG_WARN_OBJC_LITERAL_CONVERSION = YES;
				CLANG_WARN_OBJC_ROOT_CLASS = YES_ERROR;
				CLANG_WARN_RANGE_LOOP_ANALYSIS = YES;
				CLANG_WARN_STRICT_PROTOTYPES = YES;
				CLANG_WARN_SUSPICIOUS_MOVE = YES;
				CLANG_WARN_UNGUARDED_AVAILABILITY = YES_AGGRESSIVE;
				CLANG_WARN_UNREACHABLE_CODE = YES;
				CLANG_WARN__DUPLICATE_METHOD_MATCH = YES;
				COPY_PHASE_STRIP = NO;
				DEBUG_INFORMATION_FORMAT = dwarf;
				ENABLE_STRICT_OBJC_MSGSEND = YES;
				ENABLE_TESTABILITY = YES;
				GCC_C_LANGUAGE_STANDARD = gnu11;
				GCC_DYNAMIC_NO_PIC = NO;
				GCC_NO_COMMON_BLOCKS = YES;
				GCC_OPTIMIZATION_LEVEL = 0;
				GCC_PREPROCESSOR_DEFINITIONS = (
					"DEBUG=1",
					"$(inherited)",
				);
				GCC_WARN_64_TO_32_BIT_CONVERSION = YES;
				GCC_WARN_ABOUT_RETURN_TYPE = YES_ERROR;
				GCC_WARN_UNDECLARED_SELECTOR = YES;
				GCC_WARN_UNINITIALIZED_AUTOS = YES_AGGRESSIVE;
				GCC_WARN_UNUSED_FUNCTION = YES;
				GCC_WARN_UNUSED_VARIABLE = YES;
				IPHONEOS_DEPLOYMENT_TARGET = 13.2;
				MTL_ENABLE_DEBUG_INFO = INCLUDE_SOURCE;
				MTL_FAST_MATH = YES;
				ONLY_ACTIVE_ARCH = YES;
				SDKROOT = iphoneos;
				SWIFT_ACTIVE_COMPILATION_CONDITIONS = DEBUG;
				SWIFT_OPTIMIZATION_LEVEL = "-Onone";
			};
			name = Debug;
		};
		EDADEE0C2409CBAF00CD399A /* Release */ = {
			isa = XCBuildConfiguration;
			buildSettings = {
				ALWAYS_SEARCH_USER_PATHS = NO;
				CLANG_ANALYZER_NONNULL = YES;
				CLANG_ANALYZER_NUMBER_OBJECT_CONVERSION = YES_AGGRESSIVE;
				CLANG_CXX_LANGUAGE_STANDARD = "gnu++14";
				CLANG_CXX_LIBRARY = "libc++";
				CLANG_ENABLE_MODULES = YES;
				CLANG_ENABLE_OBJC_ARC = YES;
				CLANG_ENABLE_OBJC_WEAK = YES;
				CLANG_WARN_BLOCK_CAPTURE_AUTORELEASING = YES;
				CLANG_WARN_BOOL_CONVERSION = YES;
				CLANG_WARN_COMMA = YES;
				CLANG_WARN_CONSTANT_CONVERSION = YES;
				CLANG_WARN_DEPRECATED_OBJC_IMPLEMENTATIONS = YES;
				CLANG_WARN_DIRECT_OBJC_ISA_USAGE = YES_ERROR;
				CLANG_WARN_DOCUMENTATION_COMMENTS = YES;
				CLANG_WARN_EMPTY_BODY = YES;
				CLANG_WARN_ENUM_CONVERSION = YES;
				CLANG_WARN_INFINITE_RECURSION = YES;
				CLANG_WARN_INT_CONVERSION = YES;
				CLANG_WARN_NON_LITERAL_NULL_CONVERSION = YES;
				CLANG_WARN_OBJC_IMPLICIT_RETAIN_SELF = YES;
				CLANG_WARN_OBJC_LITERAL_CONVERSION = YES;
				CLANG_WARN_OBJC_ROOT_CLASS = YES_ERROR;
				CLANG_WARN_RANGE_LOOP_ANALYSIS = YES;
				CLANG_WARN_STRICT_PROTOTYPES = YES;
				CLANG_WARN_SUSPICIOUS_MOVE = YES;
				CLANG_WARN_UNGUARDED_AVAILABILITY = YES_AGGRESSIVE;
				CLANG_WARN_UNREACHABLE_CODE = YES;
				CLANG_WARN__DUPLICATE_METHOD_MATCH = YES;
				COPY_PHASE_STRIP = NO;
				DEBUG_INFORMATION_FORMAT = "dwarf-with-dsym";
				ENABLE_NS_ASSERTIONS = NO;
				ENABLE_STRICT_OBJC_MSGSEND = YES;
				GCC_C_LANGUAGE_STANDARD = gnu11;
				GCC_NO_COMMON_BLOCKS = YES;
				GCC_WARN_64_TO_32_BIT_CONVERSION = YES;
				GCC_WARN_ABOUT_RETURN_TYPE = YES_ERROR;
				GCC_WARN_UNDECLARED_SELECTOR = YES;
				GCC_WARN_UNINITIALIZED_AUTOS = YES_AGGRESSIVE;
				GCC_WARN_UNUSED_FUNCTION = YES;
				GCC_WARN_UNUSED_VARIABLE = YES;
				IPHONEOS_DEPLOYMENT_TARGET = 13.2;
				MTL_ENABLE_DEBUG_INFO = NO;
				MTL_FAST_MATH = YES;
				SDKROOT = iphoneos;
				SWIFT_COMPILATION_MODE = wholemodule;
				SWIFT_OPTIMIZATION_LEVEL = "-O";
				VALIDATE_PRODUCT = YES;
			};
			name = Release;
		};
		EDADEE0E2409CBAF00CD399A /* Debug */ = {
			isa = XCBuildConfiguration;
			buildSettings = {
				ASSETCATALOG_COMPILER_APPICON_NAME = AppIcon;
				CODE_SIGN_STYLE = Automatic;
				DEVELOPMENT_TEAM = P39XG2J35Y;
				INFOPLIST_FILE = ViewCodeApp/Info.plist;
				LD_RUNPATH_SEARCH_PATHS = (
					"$(inherited)",
					"@executable_path/Frameworks",
				);
				PRODUCT_BUNDLE_IDENTIFIER = br.com.fiap.ViewCodeApp;
				PRODUCT_NAME = "$(TARGET_NAME)";
				SWIFT_VERSION = 5.0;
				TARGETED_DEVICE_FAMILY = "1,2";
			};
			name = Debug;
		};
		EDADEE0F2409CBAF00CD399A /* Release */ = {
			isa = XCBuildConfiguration;
			buildSettings = {
				ASSETCATALOG_COMPILER_APPICON_NAME = AppIcon;
				CODE_SIGN_STYLE = Automatic;
				DEVELOPMENT_TEAM = P39XG2J35Y;
				INFOPLIST_FILE = ViewCodeApp/Info.plist;
				LD_RUNPATH_SEARCH_PATHS = (
					"$(inherited)",
					"@executable_path/Frameworks",
				);
				PRODUCT_BUNDLE_IDENTIFIER = br.com.fiap.ViewCodeApp;
				PRODUCT_NAME = "$(TARGET_NAME)";
				SWIFT_VERSION = 5.0;
				TARGETED_DEVICE_FAMILY = "1,2";
			};
			name = Release;
		};
/* End XCBuildConfiguration section */

/* Begin XCConfigurationList section */
		EDADEDF42409CBAD00CD399A /* Build configuration list for PBXProject "ViewCodeApp" */ = {
			isa = XCConfigurationList;
			buildConfigurations = (
				EDADEE0B2409CBAF00CD399A /* Debug */,
				EDADEE0C2409CBAF00CD399A /* Release */,
			);
			defaultConfigurationIsVisible = 0;
			defaultConfigurationName = Release;
		};
		EDADEE0D2409CBAF00CD399A /* Build configuration list for PBXNativeTarget "ViewCodeApp" */ = {
			isa = XCConfigurationList;
			buildConfigurations = (
				EDADEE0E2409CBAF00CD399A /* Debug */,
				EDADEE0F2409CBAF00CD399A /* Release */,
			);
			defaultConfigurationIsVisible = 0;
			defaultConfigurationName = Release;
		};
/* End XCConfigurationList section */
	};
	rootObject = EDADEDF12409CBAD00CD399A /* Project object */;
}
